
Microsoft Visual Studio Solution File, Format Version 12.00
# Visual Studio Version 17
VisualStudioVersion = 17.10.35027.167
MinimumVisualStudioVersion = 10.0.40219.1
Project("{FAE04EC0-301F-11D3-BF4B-00C04F79EFBC}") = "MvcCrud", "MvcCrud\MvcCrud.csproj", "{87F18505-80AD-4F9A-BF57-D39C1B6BBC4D}"
EndProject
Global
	GlobalSection(SolutionConfigurationPlatforms) = preSolution
		Debug|Any CPU = Debug|Any CPU
		Release|Any CPU = Release|Any CPU
	EndGlobalSection
	GlobalSection(ProjectConfigurationPlatforms) = postSolution
		{87F18505-80AD-4F9A-BF57-D39C1B6BBC4D}.Debug|Any CPU.ActiveCfg = Debug|Any CPU
		{87F18505-80AD-4F9A-BF57-D39C1B6BBC4D}.Debug|Any CPU.Build.0 = Debug|Any CPU
		{87F18505-80AD-4F9A-BF57-D39C1B6BBC4D}.Release|Any CPU.ActiveCfg = Release|Any CPU
		{87F18505-80AD-4F9A-BF57-D39C1B6BBC4D}.Release|Any CPU.Build.0 = Release|Any CPU
	EndGlobalSection
	GlobalSection(SolutionProperties) = preSolution
		HideSolutionNode = FALSE
	EndGlobalSection
	GlobalSection(ExtensibilityGlobals) = postSolution
		SolutionGuid = {6DC824D5-743F-453F-BF78-D24BADBFA39D}
	EndGlobalSection
EndGlobal
